{
  "name": "KoliCoin",
  "version": "1.0.0",
  "lockfileVersion": 1,
  "requires": true,
  "dependencies": {
    "crypto.js": {
      "version": "2.0.2",
      "resolved": "https://registry.npmjs.org/crypto.js/-/crypto.js-2.0.2.tgz",
      "integrity": "sha512-FKJP/s3KmqS8ThuInxpIGwuL8Wcfeg/0A5Nscko71zwDL+a/X7Y2HDQPtu7kTuDVAV/3ofxIEVdnNxqfks4zUw=="
    }
  }
}
